
Microsoft Visual Studio Solution File, Format Version 10.00
# Visual Studio 2008
Project("{8BC9CEB8-8B4A-11D0-8D11-00A0C91BC942}") = "passivedns", "src\passivedns.vcproj", "{85967E4F-933A-45CA-8743-E583ECF213F1}"
EndProject
Project("{8BC9CEB8-8B4A-11D0-8D11-00A0C91BC942}") = "ldns", "ldns-lib\ldns-lib.vcproj", "{23B4D303-79FC-49E0-89E2-2280E7E28940}"
EndProject
Global
	GlobalSection(SolutionConfigurationPlatforms) = preSolution
		Debug|Win32 = Debug|Win32
		Release|Win32 = Release|Win32
	EndGlobalSection
	GlobalSection(ProjectConfigurationPlatforms) = postSolution
		{85967E4F-933A-45CA-8743-E583ECF213F1}.Debug|Win32.ActiveCfg = Debug|Win32
		{85967E4F-933A-45CA-8743-E583ECF213F1}.Debug|Win32.Build.0 = Debug|Win32
		{85967E4F-933A-45CA-8743-E583ECF213F1}.Release|Win32.ActiveCfg = Release|Win32
		{85967E4F-933A-45CA-8743-E583ECF213F1}.Release|Win32.Build.0 = Release|Win32
		{23B4D303-79FC-49E0-89E2-2280E7E28940}.Debug|Win32.ActiveCfg = Debug|Win32
		{23B4D303-79FC-49E0-89E2-2280E7E28940}.Debug|Win32.Build.0 = Debug|Win32
		{23B4D303-79FC-49E0-89E2-2280E7E28940}.Release|Win32.ActiveCfg = Release|Win32
		{23B4D303-79FC-49E0-89E2-2280E7E28940}.Release|Win32.Build.0 = Release|Win32
	EndGlobalSection
	GlobalSection(SolutionProperties) = preSolution
		HideSolutionNode = FALSE
	EndGlobalSection
EndGlobal
